
Microsoft Visual Studio Solution File, Format Version 12.00
# Visual Studio 2013
VisualStudioVersion = 12.0.31101.0
MinimumVisualStudioVersion = 10.0.40219.1
Project("{2150E333-8FDC-42A3-9474-1A3956D46DE8}") = "Application", "Application", "{851460C3-4350-428B-AACC-146F0E7660A7}"
EndProject
Project("{2150E333-8FDC-42A3-9474-1A3956D46DE8}") = "Actors", "Actors", "{ADAE814B-F5E0-4EEA-A7E6-01C7AA58620D}"
EndProject
Project("{2150E333-8FDC-42A3-9474-1A3956D46DE8}") = "ViewModel", "ViewModel", "{180D64B9-C5AA-4CB9-8CDD-7D3DCFA1B4E9}"
EndProject
Project("{FAE04EC0-301F-11D3-BF4B-00C04F79EFBC}") = "Dotpay.Command", "Application\Command\Dotpay.Command.csproj", "{8BB3BAF9-8F8B-4A8B-BCE8-D5421142B156}"
EndProject
Project("{FAE04EC0-301F-11D3-BF4B-00C04F79EFBC}") = "Dotpay.CommandExecutor", "Application\CommandExecutor\Dotpay.CommandExecutor.csproj", "{9429DDA8-8A85-4A31-9549-7E0E038346D6}"
EndProject
Project("{FAE04EC0-301F-11D3-BF4B-00C04F79EFBC}") = "Dotpay.Common", "Common\Dotpay.Common.csproj", "{1E3C1DF9-8CCB-473B-8A04-1F5C6D87C6A1}"
EndProject
Project("{FAE04EC0-301F-11D3-BF4B-00C04F79EFBC}") = "Dotpay.SiloHost", "SiloHost\Dotpay.SiloHost.csproj", "{AA8701DC-7B00-4F42-ADFE-72CC188A6934}"
EndProject
Project("{FAE04EC0-301F-11D3-BF4B-00C04F79EFBC}") = "Dotpay.Actor.Interfaces", "Actor\Interfaces\Dotpay.Actor.Interfaces.csproj", "{CA1CAA62-8577-4885-B49A-F9764AB6FB45}"
EndProject
Project("{FAE04EC0-301F-11D3-BF4B-00C04F79EFBC}") = "Dotpay.Actor.Implementations", "Actor\Implementations\Dotpay.Actor.Implementations.csproj", "{F27C6F11-94A6-41C5-855B-38AA850DCAC0}"
EndProject
Project("{2150E333-8FDC-42A3-9474-1A3956D46DE8}") = "Query", "Query", "{BA17342C-8B03-43F7-9449-76A37F7C2E0B}"
EndProject
Project("{FAE04EC0-301F-11D3-BF4B-00C04F79EFBC}") = "Dotpay.Web", "Dotpay\Dotpay.Web.csproj", "{36C87E5D-4B7F-46FA-AFEC-ECD5B8EA24EC}"
EndProject
Project("{FAE04EC0-301F-11D3-BF4B-00C04F79EFBC}") = "Dotpay.Web.Tests", "Dotpay.Tests\Dotpay.Web.Tests.csproj", "{59C093E2-BDE6-47A5-A5DE-5539CF7B3439}"
EndProject
Global
	GlobalSection(SolutionConfigurationPlatforms) = preSolution
		Debug|Any CPU = Debug|Any CPU
		Release|Any CPU = Release|Any CPU
	EndGlobalSection
	GlobalSection(ProjectConfigurationPlatforms) = postSolution
		{8BB3BAF9-8F8B-4A8B-BCE8-D5421142B156}.Debug|Any CPU.ActiveCfg = Debug|Any CPU
		{8BB3BAF9-8F8B-4A8B-BCE8-D5421142B156}.Debug|Any CPU.Build.0 = Debug|Any CPU
		{8BB3BAF9-8F8B-4A8B-BCE8-D5421142B156}.Release|Any CPU.ActiveCfg = Release|Any CPU
		{8BB3BAF9-8F8B-4A8B-BCE8-D5421142B156}.Release|Any CPU.Build.0 = Release|Any CPU
		{9429DDA8-8A85-4A31-9549-7E0E038346D6}.Debug|Any CPU.ActiveCfg = Debug|Any CPU
		{9429DDA8-8A85-4A31-9549-7E0E038346D6}.Debug|Any CPU.Build.0 = Debug|Any CPU
		{9429DDA8-8A85-4A31-9549-7E0E038346D6}.Release|Any CPU.ActiveCfg = Release|Any CPU
		{9429DDA8-8A85-4A31-9549-7E0E038346D6}.Release|Any CPU.Build.0 = Release|Any CPU
		{1E3C1DF9-8CCB-473B-8A04-1F5C6D87C6A1}.Debug|Any CPU.ActiveCfg = Debug|Any CPU
		{1E3C1DF9-8CCB-473B-8A04-1F5C6D87C6A1}.Debug|Any CPU.Build.0 = Debug|Any CPU
		{1E3C1DF9-8CCB-473B-8A04-1F5C6D87C6A1}.Release|Any CPU.ActiveCfg = Release|Any CPU
		{1E3C1DF9-8CCB-473B-8A04-1F5C6D87C6A1}.Release|Any CPU.Build.0 = Release|Any CPU
		{AA8701DC-7B00-4F42-ADFE-72CC188A6934}.Debug|Any CPU.ActiveCfg = Debug|Any CPU
		{AA8701DC-7B00-4F42-ADFE-72CC188A6934}.Debug|Any CPU.Build.0 = Debug|Any CPU
		{AA8701DC-7B00-4F42-ADFE-72CC188A6934}.Release|Any CPU.ActiveCfg = Release|Any CPU
		{AA8701DC-7B00-4F42-ADFE-72CC188A6934}.Release|Any CPU.Build.0 = Release|Any CPU
		{CA1CAA62-8577-4885-B49A-F9764AB6FB45}.Debug|Any CPU.ActiveCfg = Debug|Any CPU
		{CA1CAA62-8577-4885-B49A-F9764AB6FB45}.Debug|Any CPU.Build.0 = Debug|Any CPU
		{CA1CAA62-8577-4885-B49A-F9764AB6FB45}.Release|Any CPU.ActiveCfg = Release|Any CPU
		{CA1CAA62-8577-4885-B49A-F9764AB6FB45}.Release|Any CPU.Build.0 = Release|Any CPU
		{F27C6F11-94A6-41C5-855B-38AA850DCAC0}.Debug|Any CPU.ActiveCfg = Debug|Any CPU
		{F27C6F11-94A6-41C5-855B-38AA850DCAC0}.Debug|Any CPU.Build.0 = Debug|Any CPU
		{F27C6F11-94A6-41C5-855B-38AA850DCAC0}.Release|Any CPU.ActiveCfg = Release|Any CPU
		{F27C6F11-94A6-41C5-855B-38AA850DCAC0}.Release|Any CPU.Build.0 = Release|Any CPU
		{36C87E5D-4B7F-46FA-AFEC-ECD5B8EA24EC}.Debug|Any CPU.ActiveCfg = Debug|Any CPU
		{36C87E5D-4B7F-46FA-AFEC-ECD5B8EA24EC}.Debug|Any CPU.Build.0 = Debug|Any CPU
		{36C87E5D-4B7F-46FA-AFEC-ECD5B8EA24EC}.Release|Any CPU.ActiveCfg = Release|Any CPU
		{36C87E5D-4B7F-46FA-AFEC-ECD5B8EA24EC}.Release|Any CPU.Build.0 = Release|Any CPU
		{59C093E2-BDE6-47A5-A5DE-5539CF7B3439}.Debug|Any CPU.ActiveCfg = Debug|Any CPU
		{59C093E2-BDE6-47A5-A5DE-5539CF7B3439}.Debug|Any CPU.Build.0 = Debug|Any CPU
		{59C093E2-BDE6-47A5-A5DE-5539CF7B3439}.Release|Any CPU.ActiveCfg = Release|Any CPU
		{59C093E2-BDE6-47A5-A5DE-5539CF7B3439}.Release|Any CPU.Build.0 = Release|Any CPU
	EndGlobalSection
	GlobalSection(SolutionProperties) = preSolution
		HideSolutionNode = FALSE
	EndGlobalSection
	GlobalSection(NestedProjects) = preSolution
		{8BB3BAF9-8F8B-4A8B-BCE8-D5421142B156} = {851460C3-4350-428B-AACC-146F0E7660A7}
		{9429DDA8-8A85-4A31-9549-7E0E038346D6} = {851460C3-4350-428B-AACC-146F0E7660A7}
		{CA1CAA62-8577-4885-B49A-F9764AB6FB45} = {ADAE814B-F5E0-4EEA-A7E6-01C7AA58620D}
		{F27C6F11-94A6-41C5-855B-38AA850DCAC0} = {ADAE814B-F5E0-4EEA-A7E6-01C7AA58620D}
	EndGlobalSection
EndGlobal
