
Microsoft Visual Studio Solution File, Format Version 12.00
# Visual Studio 2013
VisualStudioVersion = 12.0.31101.0
MinimumVisualStudioVersion = 10.0.40219.1
Project("{2150E333-8FDC-42A3-9474-1A3956D46DE8}") = "Command", "Command", "{851460C3-4350-428B-AACC-146F0E7660A7}"
EndProject
Project("{2150E333-8FDC-42A3-9474-1A3956D46DE8}") = "Actors", "Actors", "{ADAE814B-F5E0-4EEA-A7E6-01C7AA58620D}"
EndProject
Project("{2150E333-8FDC-42A3-9474-1A3956D46DE8}") = "ViewModel", "ViewModel", "{180D64B9-C5AA-4CB9-8CDD-7D3DCFA1B4E9}"
EndProject
Project("{FAE04EC0-301F-11D3-BF4B-00C04F79EFBC}") = "Dotpay.Common", "Common\Dotpay.Common.csproj", "{1E3C1DF9-8CCB-473B-8A04-1F5C6D87C6A1}"
EndProject
Project("{FAE04EC0-301F-11D3-BF4B-00C04F79EFBC}") = "Dotpay.Actor", "Actor\Interfaces\Dotpay.Actor.csproj", "{CA1CAA62-8577-4885-B49A-F9764AB6FB45}"
EndProject
Project("{FAE04EC0-301F-11D3-BF4B-00C04F79EFBC}") = "Dotpay.Actor.Implementations", "Actor\Implementations\Dotpay.Actor.Implementations.csproj", "{F27C6F11-94A6-41C5-855B-38AA850DCAC0}"
EndProject
Project("{2150E333-8FDC-42A3-9474-1A3956D46DE8}") = "Query", "Query", "{BA17342C-8B03-43F7-9449-76A37F7C2E0B}"
EndProject
Project("{FAE04EC0-301F-11D3-BF4B-00C04F79EFBC}") = "Dotpay.Language", "Language\Dotpay.Language.csproj", "{9E132226-8ECC-4EA6-8982-4B13096843C0}"
EndProject
Project("{2150E333-8FDC-42A3-9474-1A3956D46DE8}") = "Library", "Library", "{95F7EA3B-567F-4F59-88BF-E4AAD829C399}"
	ProjectSection(SolutionItems) = preProject
		Library\TopSdk.dll = Library\TopSdk.dll
	EndProjectSection
EndProject
Project("{2150E333-8FDC-42A3-9474-1A3956D46DE8}") = "Tools", "Tools", "{6D9A8019-CD48-4665-AC88-562CACF06357}"
EndProject
Project("{FAE04EC0-301F-11D3-BF4B-00C04F79EFBC}") = "Dotpay.TaobaoMonitor", "Tools\TaobaoMonitor\Dotpay.TaobaoMonitor.csproj", "{24E47DFC-B3ED-4CB0-8894-1266A5CA8029}"
EndProject
Project("{2150E333-8FDC-42A3-9474-1A3956D46DE8}") = "Orleans", "Orleans", "{D810220D-2648-46A5-B326-B0628005EECA}"
EndProject
Project("{FAE04EC0-301F-11D3-BF4B-00C04F79EFBC}") = "Dotpay.Command", "Command\Command\Dotpay.Command.csproj", "{8BB3BAF9-8F8B-4A8B-BCE8-D5421142B156}"
EndProject
Project("{FAE04EC0-301F-11D3-BF4B-00C04F79EFBC}") = "Dotpay.CommandExecutor", "Command\CommandExecutor\Dotpay.CommandExecutor.csproj", "{9429DDA8-8A85-4A31-9549-7E0E038346D6}"
EndProject
Project("{FAE04EC0-301F-11D3-BF4B-00C04F79EFBC}") = "Dotpay.SiloHost", "Orleans\SiloHost\Dotpay.SiloHost.csproj", "{AA8701DC-7B00-4F42-ADFE-72CC188A6934}"
EndProject
Project("{2150E333-8FDC-42A3-9474-1A3956D46DE8}") = "Web", "Web", "{6DC2D68F-A698-434C-A56D-D4B3BB3ABE0C}"
EndProject
Project("{2150E333-8FDC-42A3-9474-1A3956D46DE8}") = "UnitTests", "UnitTests", "{DE544160-5087-4825-A23C-FC1E6A7D0829}"
EndProject
Project("{FAE04EC0-301F-11D3-BF4B-00C04F79EFBC}") = "Dotpay.Application", "Orleans\Application\Dotpay.Application.csproj", "{D1BFE77D-6EAE-463A-8072-1B66F65FAE2A}"
EndProject
Project("{FAE04EC0-301F-11D3-BF4B-00C04F79EFBC}") = "Dotpay.Admin.ViewModel", "Web\Admin.ViewModel\Dotpay.Admin.ViewModel.csproj", "{195C6DFA-567F-427E-BCF0-6E5EF39788A4}"
EndProject
Project("{FAE04EC0-301F-11D3-BF4B-00C04F79EFBC}") = "Dotpay.AdminQueryService", "Query\AdminQueryService\Dotpay.AdminQueryService.csproj", "{5FD23753-4087-4027-AC84-7CDC77023AF3}"
EndProject
Project("{2150E333-8FDC-42A3-9474-1A3956D46DE8}") = "Impl", "Impl", "{889D39B7-65A1-4290-9359-AA7C4770D7A6}"
EndProject
Project("{FAE04EC0-301F-11D3-BF4B-00C04F79EFBC}") = "Dotpay.AdminQueryServiceImpl", "Query\Impl\AdminQueryServiceImpl\Dotpay.AdminQueryServiceImpl.csproj", "{4D7DE640-8837-4D45-A938-6F3A6EE25C02}"
EndProject
Project("{FAE04EC0-301F-11D3-BF4B-00C04F79EFBC}") = "Dotpay.AdminCommand", "Command\AdminCommand\Dotpay.AdminCommand.csproj", "{C2839DAA-33A0-4872-A1B5-8F88C473D6B8}"
EndProject
Project("{FAE04EC0-301F-11D3-BF4B-00C04F79EFBC}") = "Dotpay.AdminCommandExcutor", "Command\AdminCommandExcutor\Dotpay.AdminCommandExcutor.csproj", "{17D12536-EE4D-492E-93E7-411517835382}"
EndProject
Project("{FAE04EC0-301F-11D3-BF4B-00C04F79EFBC}") = "Dotpay.Admin", "Web\Admin\Dotpay.Admin.csproj", "{E0B79472-FD28-496D-9265-1E7BA6AC494B}"
EndProject
Project("{FAE04EC0-301F-11D3-BF4B-00C04F79EFBC}") = "Dotpay.Front", "Web\Front\Dotpay.Front.csproj", "{B3D9153B-5D9D-425A-A616-10260B58DAD2}"
EndProject
Project("{FAE04EC0-301F-11D3-BF4B-00C04F79EFBC}") = "Front.Tests", "Front.Tests\Front.Tests.csproj", "{DDA9CEFB-BF26-4B29-93D7-8217CB95B60A}"
EndProject
Project("{FAE04EC0-301F-11D3-BF4B-00C04F79EFBC}") = "Dotpay.Front.ViewModel", "Web\Front.ViewModel\Dotpay.Front.ViewModel.csproj", "{74028C34-9599-45A4-85B2-73A085C10785}"
EndProject
Project("{FAE04EC0-301F-11D3-BF4B-00C04F79EFBC}") = "Dotpay.FrontQueryServiceImpl", "Query\Impl\FrontQueryServiceImpl\Dotpay.FrontQueryServiceImpl.csproj", "{725420A0-CCF7-4AD1-90B8-5074DD56D58A}"
EndProject
Project("{FAE04EC0-301F-11D3-BF4B-00C04F79EFBC}") = "Dotpay.FrontQueryService", "Query\FrontQueryService\Dotpay.FrontQueryService.csproj", "{D8401044-704F-4623-9683-186EEEC0B7B4}"
EndProject
Global
	GlobalSection(SolutionConfigurationPlatforms) = preSolution
		Debug|Any CPU = Debug|Any CPU
		Release|Any CPU = Release|Any CPU
	EndGlobalSection
	GlobalSection(ProjectConfigurationPlatforms) = postSolution
		{1E3C1DF9-8CCB-473B-8A04-1F5C6D87C6A1}.Debug|Any CPU.ActiveCfg = Debug|Any CPU
		{1E3C1DF9-8CCB-473B-8A04-1F5C6D87C6A1}.Debug|Any CPU.Build.0 = Debug|Any CPU
		{1E3C1DF9-8CCB-473B-8A04-1F5C6D87C6A1}.Release|Any CPU.ActiveCfg = Release|Any CPU
		{1E3C1DF9-8CCB-473B-8A04-1F5C6D87C6A1}.Release|Any CPU.Build.0 = Release|Any CPU
		{CA1CAA62-8577-4885-B49A-F9764AB6FB45}.Debug|Any CPU.ActiveCfg = Debug|Any CPU
		{CA1CAA62-8577-4885-B49A-F9764AB6FB45}.Debug|Any CPU.Build.0 = Debug|Any CPU
		{CA1CAA62-8577-4885-B49A-F9764AB6FB45}.Release|Any CPU.ActiveCfg = Release|Any CPU
		{CA1CAA62-8577-4885-B49A-F9764AB6FB45}.Release|Any CPU.Build.0 = Release|Any CPU
		{F27C6F11-94A6-41C5-855B-38AA850DCAC0}.Debug|Any CPU.ActiveCfg = Debug|Any CPU
		{F27C6F11-94A6-41C5-855B-38AA850DCAC0}.Debug|Any CPU.Build.0 = Debug|Any CPU
		{F27C6F11-94A6-41C5-855B-38AA850DCAC0}.Release|Any CPU.ActiveCfg = Release|Any CPU
		{F27C6F11-94A6-41C5-855B-38AA850DCAC0}.Release|Any CPU.Build.0 = Release|Any CPU
		{9E132226-8ECC-4EA6-8982-4B13096843C0}.Debug|Any CPU.ActiveCfg = Debug|Any CPU
		{9E132226-8ECC-4EA6-8982-4B13096843C0}.Debug|Any CPU.Build.0 = Debug|Any CPU
		{9E132226-8ECC-4EA6-8982-4B13096843C0}.Release|Any CPU.ActiveCfg = Release|Any CPU
		{9E132226-8ECC-4EA6-8982-4B13096843C0}.Release|Any CPU.Build.0 = Release|Any CPU
		{24E47DFC-B3ED-4CB0-8894-1266A5CA8029}.Debug|Any CPU.ActiveCfg = Debug|Any CPU
		{24E47DFC-B3ED-4CB0-8894-1266A5CA8029}.Debug|Any CPU.Build.0 = Debug|Any CPU
		{24E47DFC-B3ED-4CB0-8894-1266A5CA8029}.Release|Any CPU.ActiveCfg = Release|Any CPU
		{24E47DFC-B3ED-4CB0-8894-1266A5CA8029}.Release|Any CPU.Build.0 = Release|Any CPU
		{8BB3BAF9-8F8B-4A8B-BCE8-D5421142B156}.Debug|Any CPU.ActiveCfg = Debug|Any CPU
		{8BB3BAF9-8F8B-4A8B-BCE8-D5421142B156}.Debug|Any CPU.Build.0 = Debug|Any CPU
		{8BB3BAF9-8F8B-4A8B-BCE8-D5421142B156}.Release|Any CPU.ActiveCfg = Release|Any CPU
		{8BB3BAF9-8F8B-4A8B-BCE8-D5421142B156}.Release|Any CPU.Build.0 = Release|Any CPU
		{9429DDA8-8A85-4A31-9549-7E0E038346D6}.Debug|Any CPU.ActiveCfg = Debug|Any CPU
		{9429DDA8-8A85-4A31-9549-7E0E038346D6}.Debug|Any CPU.Build.0 = Debug|Any CPU
		{9429DDA8-8A85-4A31-9549-7E0E038346D6}.Release|Any CPU.ActiveCfg = Release|Any CPU
		{9429DDA8-8A85-4A31-9549-7E0E038346D6}.Release|Any CPU.Build.0 = Release|Any CPU
		{AA8701DC-7B00-4F42-ADFE-72CC188A6934}.Debug|Any CPU.ActiveCfg = Debug|Any CPU
		{AA8701DC-7B00-4F42-ADFE-72CC188A6934}.Debug|Any CPU.Build.0 = Debug|Any CPU
		{AA8701DC-7B00-4F42-ADFE-72CC188A6934}.Release|Any CPU.ActiveCfg = Release|Any CPU
		{AA8701DC-7B00-4F42-ADFE-72CC188A6934}.Release|Any CPU.Build.0 = Release|Any CPU
		{D1BFE77D-6EAE-463A-8072-1B66F65FAE2A}.Debug|Any CPU.ActiveCfg = Debug|Any CPU
		{D1BFE77D-6EAE-463A-8072-1B66F65FAE2A}.Debug|Any CPU.Build.0 = Debug|Any CPU
		{D1BFE77D-6EAE-463A-8072-1B66F65FAE2A}.Release|Any CPU.ActiveCfg = Release|Any CPU
		{D1BFE77D-6EAE-463A-8072-1B66F65FAE2A}.Release|Any CPU.Build.0 = Release|Any CPU
		{195C6DFA-567F-427E-BCF0-6E5EF39788A4}.Debug|Any CPU.ActiveCfg = Debug|Any CPU
		{195C6DFA-567F-427E-BCF0-6E5EF39788A4}.Debug|Any CPU.Build.0 = Debug|Any CPU
		{195C6DFA-567F-427E-BCF0-6E5EF39788A4}.Release|Any CPU.ActiveCfg = Release|Any CPU
		{195C6DFA-567F-427E-BCF0-6E5EF39788A4}.Release|Any CPU.Build.0 = Release|Any CPU
		{5FD23753-4087-4027-AC84-7CDC77023AF3}.Debug|Any CPU.ActiveCfg = Debug|Any CPU
		{5FD23753-4087-4027-AC84-7CDC77023AF3}.Debug|Any CPU.Build.0 = Debug|Any CPU
		{5FD23753-4087-4027-AC84-7CDC77023AF3}.Release|Any CPU.ActiveCfg = Release|Any CPU
		{5FD23753-4087-4027-AC84-7CDC77023AF3}.Release|Any CPU.Build.0 = Release|Any CPU
		{4D7DE640-8837-4D45-A938-6F3A6EE25C02}.Debug|Any CPU.ActiveCfg = Debug|Any CPU
		{4D7DE640-8837-4D45-A938-6F3A6EE25C02}.Debug|Any CPU.Build.0 = Debug|Any CPU
		{4D7DE640-8837-4D45-A938-6F3A6EE25C02}.Release|Any CPU.ActiveCfg = Release|Any CPU
		{4D7DE640-8837-4D45-A938-6F3A6EE25C02}.Release|Any CPU.Build.0 = Release|Any CPU
		{C2839DAA-33A0-4872-A1B5-8F88C473D6B8}.Debug|Any CPU.ActiveCfg = Debug|Any CPU
		{C2839DAA-33A0-4872-A1B5-8F88C473D6B8}.Debug|Any CPU.Build.0 = Debug|Any CPU
		{C2839DAA-33A0-4872-A1B5-8F88C473D6B8}.Release|Any CPU.ActiveCfg = Release|Any CPU
		{C2839DAA-33A0-4872-A1B5-8F88C473D6B8}.Release|Any CPU.Build.0 = Release|Any CPU
		{17D12536-EE4D-492E-93E7-411517835382}.Debug|Any CPU.ActiveCfg = Debug|Any CPU
		{17D12536-EE4D-492E-93E7-411517835382}.Debug|Any CPU.Build.0 = Debug|Any CPU
		{17D12536-EE4D-492E-93E7-411517835382}.Release|Any CPU.ActiveCfg = Release|Any CPU
		{17D12536-EE4D-492E-93E7-411517835382}.Release|Any CPU.Build.0 = Release|Any CPU
		{E0B79472-FD28-496D-9265-1E7BA6AC494B}.Debug|Any CPU.ActiveCfg = Debug|Any CPU
		{E0B79472-FD28-496D-9265-1E7BA6AC494B}.Debug|Any CPU.Build.0 = Debug|Any CPU
		{E0B79472-FD28-496D-9265-1E7BA6AC494B}.Release|Any CPU.ActiveCfg = Release|Any CPU
		{E0B79472-FD28-496D-9265-1E7BA6AC494B}.Release|Any CPU.Build.0 = Release|Any CPU
		{B3D9153B-5D9D-425A-A616-10260B58DAD2}.Debug|Any CPU.ActiveCfg = Debug|Any CPU
		{B3D9153B-5D9D-425A-A616-10260B58DAD2}.Debug|Any CPU.Build.0 = Debug|Any CPU
		{B3D9153B-5D9D-425A-A616-10260B58DAD2}.Release|Any CPU.ActiveCfg = Release|Any CPU
		{B3D9153B-5D9D-425A-A616-10260B58DAD2}.Release|Any CPU.Build.0 = Release|Any CPU
		{DDA9CEFB-BF26-4B29-93D7-8217CB95B60A}.Debug|Any CPU.ActiveCfg = Debug|Any CPU
		{DDA9CEFB-BF26-4B29-93D7-8217CB95B60A}.Debug|Any CPU.Build.0 = Debug|Any CPU
		{DDA9CEFB-BF26-4B29-93D7-8217CB95B60A}.Release|Any CPU.ActiveCfg = Release|Any CPU
		{DDA9CEFB-BF26-4B29-93D7-8217CB95B60A}.Release|Any CPU.Build.0 = Release|Any CPU
		{74028C34-9599-45A4-85B2-73A085C10785}.Debug|Any CPU.ActiveCfg = Debug|Any CPU
		{74028C34-9599-45A4-85B2-73A085C10785}.Debug|Any CPU.Build.0 = Debug|Any CPU
		{74028C34-9599-45A4-85B2-73A085C10785}.Release|Any CPU.ActiveCfg = Release|Any CPU
		{74028C34-9599-45A4-85B2-73A085C10785}.Release|Any CPU.Build.0 = Release|Any CPU
		{725420A0-CCF7-4AD1-90B8-5074DD56D58A}.Debug|Any CPU.ActiveCfg = Debug|Any CPU
		{725420A0-CCF7-4AD1-90B8-5074DD56D58A}.Debug|Any CPU.Build.0 = Debug|Any CPU
		{725420A0-CCF7-4AD1-90B8-5074DD56D58A}.Release|Any CPU.ActiveCfg = Release|Any CPU
		{725420A0-CCF7-4AD1-90B8-5074DD56D58A}.Release|Any CPU.Build.0 = Release|Any CPU
		{D8401044-704F-4623-9683-186EEEC0B7B4}.Debug|Any CPU.ActiveCfg = Debug|Any CPU
		{D8401044-704F-4623-9683-186EEEC0B7B4}.Debug|Any CPU.Build.0 = Debug|Any CPU
		{D8401044-704F-4623-9683-186EEEC0B7B4}.Release|Any CPU.ActiveCfg = Release|Any CPU
		{D8401044-704F-4623-9683-186EEEC0B7B4}.Release|Any CPU.Build.0 = Release|Any CPU
	EndGlobalSection
	GlobalSection(SolutionProperties) = preSolution
		HideSolutionNode = FALSE
	EndGlobalSection
	GlobalSection(NestedProjects) = preSolution
		{180D64B9-C5AA-4CB9-8CDD-7D3DCFA1B4E9} = {6DC2D68F-A698-434C-A56D-D4B3BB3ABE0C}
		{CA1CAA62-8577-4885-B49A-F9764AB6FB45} = {ADAE814B-F5E0-4EEA-A7E6-01C7AA58620D}
		{F27C6F11-94A6-41C5-855B-38AA850DCAC0} = {ADAE814B-F5E0-4EEA-A7E6-01C7AA58620D}
		{24E47DFC-B3ED-4CB0-8894-1266A5CA8029} = {6D9A8019-CD48-4665-AC88-562CACF06357}
		{8BB3BAF9-8F8B-4A8B-BCE8-D5421142B156} = {851460C3-4350-428B-AACC-146F0E7660A7}
		{9429DDA8-8A85-4A31-9549-7E0E038346D6} = {851460C3-4350-428B-AACC-146F0E7660A7}
		{AA8701DC-7B00-4F42-ADFE-72CC188A6934} = {D810220D-2648-46A5-B326-B0628005EECA}
		{D1BFE77D-6EAE-463A-8072-1B66F65FAE2A} = {D810220D-2648-46A5-B326-B0628005EECA}
		{195C6DFA-567F-427E-BCF0-6E5EF39788A4} = {180D64B9-C5AA-4CB9-8CDD-7D3DCFA1B4E9}
		{5FD23753-4087-4027-AC84-7CDC77023AF3} = {BA17342C-8B03-43F7-9449-76A37F7C2E0B}
		{889D39B7-65A1-4290-9359-AA7C4770D7A6} = {BA17342C-8B03-43F7-9449-76A37F7C2E0B}
		{4D7DE640-8837-4D45-A938-6F3A6EE25C02} = {889D39B7-65A1-4290-9359-AA7C4770D7A6}
		{C2839DAA-33A0-4872-A1B5-8F88C473D6B8} = {851460C3-4350-428B-AACC-146F0E7660A7}
		{17D12536-EE4D-492E-93E7-411517835382} = {851460C3-4350-428B-AACC-146F0E7660A7}
		{E0B79472-FD28-496D-9265-1E7BA6AC494B} = {6DC2D68F-A698-434C-A56D-D4B3BB3ABE0C}
		{B3D9153B-5D9D-425A-A616-10260B58DAD2} = {6DC2D68F-A698-434C-A56D-D4B3BB3ABE0C}
		{DDA9CEFB-BF26-4B29-93D7-8217CB95B60A} = {DE544160-5087-4825-A23C-FC1E6A7D0829}
		{74028C34-9599-45A4-85B2-73A085C10785} = {180D64B9-C5AA-4CB9-8CDD-7D3DCFA1B4E9}
		{725420A0-CCF7-4AD1-90B8-5074DD56D58A} = {889D39B7-65A1-4290-9359-AA7C4770D7A6}
		{D8401044-704F-4623-9683-186EEEC0B7B4} = {BA17342C-8B03-43F7-9449-76A37F7C2E0B}
	EndGlobalSection
EndGlobal
